// !$*UTF8*$!
{
	archiveVersion = 1;
	classes = {
	};
	objectVersion = 50;
	objects = {

/* Begin PBXBuildFile section */
		D94EDC24251B88F700144C52 /* AppDelegate.swift in Sources */ = {isa = PBXBuildFile; fileRef = D94EDC23251B88F700144C52 /* AppDelegate.swift */; };
		D94EDC26251B88F700144C52 /* SceneDelegate.swift in Sources */ = {isa = PBXBuildFile; fileRef = D94EDC25251B88F700144C52 /* SceneDelegate.swift */; };
		D94EDC2B251B88F700144C52 /* Main.storyboard in Resources */ = {isa = PBXBuildFile; fileRef = D94EDC29251B88F700144C52 /* Main.storyboard */; };
		D94EDC2D251B88FA00144C52 /* Assets.xcassets in Resources */ = {isa = PBXBuildFile; fileRef = D94EDC2C251B88FA00144C52 /* Assets.xcassets */; };
		D94EDC30251B88FA00144C52 /* LaunchScreen.storyboard in Resources */ = {isa = PBXBuildFile; fileRef = D94EDC2E251B88FA00144C52 /* LaunchScreen.storyboard */; };
		D94EDC38251B958200144C52 /* BaseViewController.swift in Sources */ = {isa = PBXBuildFile; fileRef = D94EDC37251B958200144C52 /* BaseViewController.swift */; };
		D94EDC3A251B98CB00144C52 /* FirstScreen.swift in Sources */ = {isa = PBXBuildFile; fileRef = D94EDC39251B98CB00144C52 /* FirstScreen.swift */; };
		D94EDC3C251BA17B00144C52 /* SecondScreen.swift in Sources */ = {isa = PBXBuildFile; fileRef = D94EDC3B251BA17B00144C52 /* SecondScreen.swift */; };
		D94EDC3E251BA29600144C52 /* ThirdScreen.swift in Sources */ = {isa = PBXBuildFile; fileRef = D94EDC3D251BA29600144C52 /* ThirdScreen.swift */; };
/* End PBXBuildFile section */

/* Begin PBXFileReference section */
		D94EDC20251B88F700144C52 /* Mastermind Game.app */ = {isa = PBXFileReference; explicitFileType = wrapper.application; includeInIndex = 0; path = "Mastermind Game.app"; sourceTree = BUILT_PRODUCTS_DIR; };
		D94EDC23251B88F700144C52 /* AppDelegate.swift */ = {isa = PBXFileReference; lastKnownFileType = sourcecode.swift; path = AppDelegate.swift; sourceTree = "<group>"; };
		D94EDC25251B88F700144C52 /* SceneDelegate.swift */ = {isa = PBXFileReference; lastKnownFileType = sourcecode.swift; path = SceneDelegate.swift; sourceTree = "<group>"; };
		D94EDC2A251B88F700144C52 /* Base */ = {isa = PBXFileReference; lastKnownFileType = file.storyboard; name = Base; path = Base.lproj/Main.storyboard; sourceTree = "<group>"; };
		D94EDC2C251B88FA00144C52 /* Assets.xcassets */ = {isa = PBXFileReference; lastKnownFileType = folder.assetcatalog; path = Assets.xcassets; sourceTree = "<group>"; };
		D94EDC2F251B88FA00144C52 /* Base */ = {isa = PBXFileReference; lastKnownFileType = file.storyboard; name = Base; path = Base.lproj/LaunchScreen.storyboard; sourceTree = "<group>"; };
		D94EDC31251B88FA00144C52 /* Info.plist */ = {isa = PBXFileReference; lastKnownFileType = text.plist.xml; path = Info.plist; sourceTree = "<group>"; };
		D94EDC37251B958200144C52 /* BaseViewController.swift */ = {isa = PBXFileReference; lastKnownFileType = sourcecode.swift; path = BaseViewController.swift; sourceTree = "<group>"; };
		D94EDC39251B98CB00144C52 /* FirstScreen.swift */ = {isa = PBXFileReference; lastKnownFileType = sourcecode.swift; path = FirstScreen.swift; sourceTree = "<group>"; };
		D94EDC3B251BA17B00144C52 /* SecondScreen.swift */ = {isa = PBXFileReference; lastKnownFileType = sourcecode.swift; path = SecondScreen.swift; sourceTree = "<group>"; };
		D94EDC3D251BA29600144C52 /* ThirdScreen.swift */ = {isa = PBXFileReference; lastKnownFileType = sourcecode.swift; path = ThirdScreen.swift; sourceTree = "<group>"; };
/* End PBXFileReference section */

/* Begin PBXFrameworksBuildPhase section */
		D94EDC1D251B88F700144C52 /* Frameworks */ = {
			isa = PBXFrameworksBuildPhase;
			buildActionMask = 2147483647;
			files = (
			);
			runOnlyForDeploymentPostprocessing = 0;
		};
/* End PBXFrameworksBuildPhase section */

/* Begin PBXGroup section */
		D94EDC17251B88F700144C52 = {
			isa = PBXGroup;
			children = (
				D94EDC22251B88F700144C52 /* Mastermind Game */,
				D94EDC21251B88F700144C52 /* Products */,
			);
			sourceTree = "<group>";
		};
		D94EDC21251B88F700144C52 /* Products */ = {
			isa = PBXGroup;
			children = (
				D94EDC20251B88F700144C52 /* Mastermind Game.app */,
			);
			name = Products;
			sourceTree = "<group>";
		};
		D94EDC22251B88F700144C52 /* Mastermind Game */ = {
			isa = PBXGroup;
			children = (
				D94EDC23251B88F700144C52 /* AppDelegate.swift */,
				D94EDC37251B958200144C52 /* BaseViewController.swift */,
				D94EDC39251B98CB00144C52 /* FirstScreen.swift */,
				D94EDC3B251BA17B00144C52 /* SecondScreen.swift */,
				D94EDC3D251BA29600144C52 /* ThirdScreen.swift */,
				D94EDC25251B88F700144C52 /* SceneDelegate.swift */,
				D94EDC29251B88F700144C52 /* Main.storyboard */,
				D94EDC2C251B88FA00144C52 /* Assets.xcassets */,
				D94EDC2E251B88FA00144C52 /* LaunchScreen.storyboard */,
				D94EDC31251B88FA00144C52 /* Info.plist */,
			);
			path = "Mastermind Game";
			sourceTree = "<group>";
		};
/* End PBXGroup section */

/* Begin PBXNativeTarget section */
		D94EDC1F251B88F700144C52 /* Mastermind Game */ = {
			isa = PBXNativeTarget;
			buildConfigurationList = D94EDC34251B88FA00144C52 /* Build configuration list for PBXNativeTarget "Mastermind Game" */;
			buildPhases = (
				D94EDC1C251B88F700144C52 /* Sources */,
				D94EDC1D251B88F700144C52 /* Frameworks */,
				D94EDC1E251B88F700144C52 /* Resources */,
			);
			buildRules = (
			);
			dependencies = (
			);
			name = "Mastermind Game";
			productName = "Mastermind Game";
			productReference = D94EDC20251B88F700144C52 /* Mastermind Game.app */;
			productType = "com.apple.product-type.application";
		};
/* End PBXNativeTarget section */

/* Begin PBXProject section */
		D94EDC18251B88F700144C52 /* Project object */ = {
			isa = PBXProject;
			attributes = {
				LastSwiftUpdateCheck = 1170;
				LastUpgradeCheck = 1170;
				ORGANIZATIONNAME = "Viktor Varsano";
				TargetAttributes = {
					D94EDC1F251B88F700144C52 = {
						CreatedOnToolsVersion = 11.7;
					};
				};
			};
			buildConfigurationList = D94EDC1B251B88F700144C52 /* Build configuration list for PBXProject "Mastermind Game" */;
			compatibilityVersion = "Xcode 9.3";
			developmentRegion = en;
			hasScannedForEncodings = 0;
			knownRegions = (
				en,
				Base,
			);
			mainGroup = D94EDC17251B88F700144C52;
			productRefGroup = D94EDC21251B88F700144C52 /* Products */;
			projectDirPath = "";
			projectRoot = "";
			targets = (
				D94EDC1F251B88F700144C52 /* Mastermind Game */,
			);
		};
/* End PBXProject section */

/* Begin PBXResourcesBuildPhase section */
		D94EDC1E251B88F700144C52 /* Resources */ = {
			isa = PBXResourcesBuildPhase;
			buildActionMask = 2147483647;
			files = (
				D94EDC30251B88FA00144C52 /* LaunchScreen.storyboard in Resources */,
				D94EDC2D251B88FA00144C52 /* Assets.xcassets in Resources */,
				D94EDC2B251B88F700144C52 /* Main.storyboard in Resources */,
			);
			runOnlyForDeploymentPostprocessing = 0;
		};
/* End PBXResourcesBuildPhase section */

/* Begin PBXSourcesBuildPhase section */
		D94EDC1C251B88F700144C52 /* Sources */ = {
			isa = PBXSourcesBuildPhase;
			buildActionMask = 2147483647;
			files = (
				D94EDC3E251BA29600144C52 /* ThirdScreen.swift in Sources */,
				D94EDC38251B958200144C52 /* BaseViewController.swift in Sources */,
				D94EDC24251B88F700144C52 /* AppDelegate.swift in Sources */,
				D94EDC26251B88F700144C52 /* SceneDelegate.swift in Sources */,
				D94EDC3A251B98CB00144C52 /* FirstScreen.swift in Sources */,
				D94EDC3C251BA17B00144C52 /* SecondScreen.swift in Sources */,
			);
			runOnlyForDeploymentPostprocessing = 0;
		};
/* End PBXSourcesBuildPhase section */

/* Begin PBXVariantGroup section */
		D94EDC29251B88F700144C52 /* Main.storyboard */ = {
			isa = PBXVariantGroup;
			children = (
				D94EDC2A251B88F700144C52 /* Base */,
			);
			name = Main.storyboard;
			sourceTree = "<group>";
		};
		D94EDC2E251B88FA00144C52 /* LaunchScreen.storyboard */ = {
			isa = PBXVariantGroup;
			children = (
				D94EDC2F251B88FA00144C52 /* Base */,
			);
			name = LaunchScreen.storyboard;
			sourceTree = "<group>";
		};
/* End PBXVariantGroup section */

/* Begin XCBuildConfiguration section */
		D94EDC32251B88FA00144C52 /* Debug */ = {
			isa = XCBuildConfiguration;
			buildSettings = {
				ALWAYS_SEARCH_USER_PATHS = NO;
				CLANG_ANALYZER_NONNULL = YES;
				CLANG_ANALYZER_NUMBER_OBJECT_CONVERSION = YES_AGGRESSIVE;
				CLANG_CXX_LANGUAGE_STANDARD = "gnu++14";
				CLANG_CXX_LIBRARY = "libc++";
				CLANG_ENABLE_MODULES = YES;
				CLANG_ENABLE_OBJC_ARC = YES;
				CLANG_ENABLE_OBJC_WEAK = YES;
				CLANG_WARN_BLOCK_CAPTURE_AUTORELEASING = YES;
				CLANG_WARN_BOOL_CONVERSION = YES;
				CLANG_WARN_COMMA = YES;
				CLANG_WARN_CONSTANT_CONVERSION = YES;
				CLANG_WARN_DEPRECATED_OBJC_IMPLEMENTATIONS = YES;
				CLANG_WARN_DIRECT_OBJC_ISA_USAGE = YES_ERROR;
				CLANG_WARN_DOCUMENTATION_COMMENTS = YES;
				CLANG_WARN_EMPTY_BODY = YES;
				CLANG_WARN_ENUM_CONVERSION = YES;
				CLANG_WARN_INFINITE_RECURSION = YES;
				CLANG_WARN_INT_CONVERSION = YES;
				CLANG_WARN_NON_LITERAL_NULL_CONVERSION = YES;
				CLANG_WARN_OBJC_IMPLICIT_RETAIN_SELF = YES;
				CLANG_WARN_OBJC_LITERAL_CONVERSION = YES;
				CLANG_WARN_OBJC_ROOT_CLASS = YES_ERROR;
				CLANG_WARN_RANGE_LOOP_ANALYSIS = YES;
				CLANG_WARN_STRICT_PROTOTYPES = YES;
				CLANG_WARN_SUSPICIOUS_MOVE = YES;
				CLANG_WARN_UNGUARDED_AVAILABILITY = YES_AGGRESSIVE;
				CLANG_WARN_UNREACHABLE_CODE = YES;
				CLANG_WARN__DUPLICATE_METHOD_MATCH = YES;
				COPY_PHASE_STRIP = NO;
				DEBUG_INFORMATION_FORMAT = dwarf;
				ENABLE_STRICT_OBJC_MSGSEND = YES;
				ENABLE_TESTABILITY = YES;
				GCC_C_LANGUAGE_STANDARD = gnu11;
				GCC_DYNAMIC_NO_PIC = NO;
				GCC_NO_COMMON_BLOCKS = YES;
				GCC_OPTIMIZATION_LEVEL = 0;
				GCC_PREPROCESSOR_DEFINITIONS = (
					"DEBUG=1",
					"$(inherited)",
				);
				GCC_WARN_64_TO_32_BIT_CONVERSION = YES;
				GCC_WARN_ABOUT_RETURN_TYPE = YES_ERROR;
				GCC_WARN_UNDECLARED_SELECTOR = YES;
				GCC_WARN_UNINITIALIZED_AUTOS = YES_AGGRESSIVE;
				GCC_WARN_UNUSED_FUNCTION = YES;
				GCC_WARN_UNUSED_VARIABLE = YES;
				IPHONEOS_DEPLOYMENT_TARGET = 13.7;
				MTL_ENABLE_DEBUG_INFO = INCLUDE_SOURCE;
				MTL_FAST_MATH = YES;
				ONLY_ACTIVE_ARCH = YES;
				SDKROOT = iphoneos;
				SWIFT_ACTIVE_COMPILATION_CONDITIONS = DEBUG;
				SWIFT_OPTIMIZATION_LEVEL = "-Onone";
			};
			name = Debug;
		};
		D94EDC33251B88FA00144C52 /* Release */ = {
			isa = XCBuildConfiguration;
			buildSettings = {
				ALWAYS_SEARCH_USER_PATHS = NO;
				CLANG_ANALYZER_NONNULL = YES;
				CLANG_ANALYZER_NUMBER_OBJECT_CONVERSION = YES_AGGRESSIVE;
				CLANG_CXX_LANGUAGE_STANDARD = "gnu++14";
				CLANG_CXX_LIBRARY = "libc++";
				CLANG_ENABLE_MODULES = YES;
				CLANG_ENABLE_OBJC_ARC = YES;
				CLANG_ENABLE_OBJC_WEAK = YES;
				CLANG_WARN_BLOCK_CAPTURE_AUTORELEASING = YES;
				CLANG_WARN_BOOL_CONVERSION = YES;
				CLANG_WARN_COMMA = YES;
				CLANG_WARN_CONSTANT_CONVERSION = YES;
				CLANG_WARN_DEPRECATED_OBJC_IMPLEMENTATIONS = YES;
				CLANG_WARN_DIRECT_OBJC_ISA_USAGE = YES_ERROR;
				CLANG_WARN_DOCUMENTATION_COMMENTS = YES;
				CLANG_WARN_EMPTY_BODY = YES;
				CLANG_WARN_ENUM_CONVERSION = YES;
				CLANG_WARN_INFINITE_RECURSION = YES;
				CLANG_WARN_INT_CONVERSION = YES;
				CLANG_WARN_NON_LITERAL_NULL_CONVERSION = YES;
				CLANG_WARN_OBJC_IMPLICIT_RETAIN_SELF = YES;
				CLANG_WARN_OBJC_LITERAL_CONVERSION = YES;
				CLANG_WARN_OBJC_ROOT_CLASS = YES_ERROR;
				CLANG_WARN_RANGE_LOOP_ANALYSIS = YES;
				CLANG_WARN_STRICT_PROTOTYPES = YES;
				CLANG_WARN_SUSPICIOUS_MOVE = YES;
				CLANG_WARN_UNGUARDED_AVAILABILITY = YES_AGGRESSIVE;
				CLANG_WARN_UNREACHABLE_CODE = YES;
				CLANG_WARN__DUPLICATE_METHOD_MATCH = YES;
				COPY_PHASE_STRIP = NO;
				DEBUG_INFORMATION_FORMAT = "dwarf-with-dsym";
				ENABLE_NS_ASSERTIONS = NO;
				ENABLE_STRICT_OBJC_MSGSEND = YES;
				GCC_C_LANGUAGE_STANDARD = gnu11;
				GCC_NO_COMMON_BLOCKS = YES;
				GCC_WARN_64_TO_32_BIT_CONVERSION = YES;
				GCC_WARN_ABOUT_RETURN_TYPE = YES_ERROR;
				GCC_WARN_UNDECLARED_SELECTOR = YES;
				GCC_WARN_UNINITIALIZED_AUTOS = YES_AGGRESSIVE;
				GCC_WARN_UNUSED_FUNCTION = YES;
				GCC_WARN_UNUSED_VARIABLE = YES;
				IPHONEOS_DEPLOYMENT_TARGET = 13.7;
				MTL_ENABLE_DEBUG_INFO = NO;
				MTL_FAST_MATH = YES;
				SDKROOT = iphoneos;
				SWIFT_COMPILATION_MODE = wholemodule;
				SWIFT_OPTIMIZATION_LEVEL = "-O";
				VALIDATE_PRODUCT = YES;
			};
			name = Release;
		};
		D94EDC35251B88FA00144C52 /* Debug */ = {
			isa = XCBuildConfiguration;
			buildSettings = {
				ASSETCATALOG_COMPILER_APPICON_NAME = AppIcon;
				CODE_SIGN_STYLE = Automatic;
				DEVELOPMENT_TEAM = HC827WKN62;
				INFOPLIST_FILE = "Mastermind Game/Info.plist";
				LD_RUNPATH_SEARCH_PATHS = (
					"$(inherited)",
					"@executable_path/Frameworks",
				);
				PRODUCT_BUNDLE_IDENTIFIER = "com.awesomeblastingapps.Mastermind-Game";
				PRODUCT_NAME = "$(TARGET_NAME)";
				SWIFT_VERSION = 5.0;
				TARGETED_DEVICE_FAMILY = "1,2";
			};
			name = Debug;
		};
		D94EDC36251B88FA00144C52 /* Release */ = {
			isa = XCBuildConfiguration;
			buildSettings = {
				ASSETCATALOG_COMPILER_APPICON_NAME = AppIcon;
				CODE_SIGN_STYLE = Automatic;
				DEVELOPMENT_TEAM = HC827WKN62;
				INFOPLIST_FILE = "Mastermind Game/Info.plist";
				LD_RUNPATH_SEARCH_PATHS = (
					"$(inherited)",
					"@executable_path/Frameworks",
				);
				PRODUCT_BUNDLE_IDENTIFIER = "com.awesomeblastingapps.Mastermind-Game";
				PRODUCT_NAME = "$(TARGET_NAME)";
				SWIFT_VERSION = 5.0;
				TARGETED_DEVICE_FAMILY = "1,2";
			};
			name = Release;
		};
/* End XCBuildConfiguration section */

/* Begin XCConfigurationList section */
		D94EDC1B251B88F700144C52 /* Build configuration list for PBXProject "Mastermind Game" */ = {
			isa = XCConfigurationList;
			buildConfigurations = (
				D94EDC32251B88FA00144C52 /* Debug */,
				D94EDC33251B88FA00144C52 /* Release */,
			);
			defaultConfigurationIsVisible = 0;
			defaultConfigurationName = Release;
		};
		D94EDC34251B88FA00144C52 /* Build configuration list for PBXNativeTarget "Mastermind Game" */ = {
			isa = XCConfigurationList;
			buildConfigurations = (
				D94EDC35251B88FA00144C52 /* Debug */,
				D94EDC36251B88FA00144C52 /* Release */,
			);
			defaultConfigurationIsVisible = 0;
			defaultConfigurationName = Release;
		};
/* End XCConfigurationList section */
	};
	rootObject = D94EDC18251B88F700144C52 /* Project object */;
}
